%{
  "bucs": {:hex, :bucs, "1.1.0", "de79a0d781a7c5f616ab0cf3c61bf67576382daffcd2e01a9504fa0342f80a21", [:make, :mix, :rebar3], [], "hexpm", "200b8d07b72a1c8099f9ca77edab16353b63e5b7b806534be159106b4b030503"},
  "doteki": {:git, "git://github.com/G-Corp/doteki.git", "3a0675b14fc663ca59a256aa78ba80c624f344a1", [tag: "1.1.0"]},
}
