%{
  "bucs": {:hex, :bucs, "1.1.0", "de79a0d781a7c5f616ab0cf3c61bf67576382daffcd2e01a9504fa0342f80a21", [:make, :mix, :rebar3], [], "hexpm"},
  "doteki": {:hex, :doteki, "1.1.0", "b0e1eb99890fd5deba656ff0e2bfa1c7a7879a700fbb27e89e119fc0dbf533fd", [:make, :mix, :rebar3], [{:bucs, "~> 1.1.0", [hex: :bucs, repo: "hexpm", optional: false]}], "hexpm"},
}
