{"1.1.0",
[{<<"bucs">>,{pkg,<<"bucs">>,<<"1.0.11">>},1},
 {<<"doteki">>,{pkg,<<"doteki">>,<<"1.0.6">>},0}]}.
[
{pkg_hash,[
 {<<"bucs">>, <<"98886B1FA4E25BC0A56C9B236201D087487118162D95D2BD9309D6C0580781D8">>},
 {<<"doteki">>, <<"A953213C8C34E5AF8DE22CB48779BB6390F0D352D43ECE3B75223BD941EC543B">>}]}
].
