{"1.1.0",
[{<<"bucs">>,{pkg,<<"bucs">>,<<"1.1.0">>},1},
 {<<"doteki">>,{pkg,<<"doteki">>,<<"1.1.0">>},0}]}.
[
{pkg_hash,[
 {<<"bucs">>, <<"DE79A0D781A7C5F616AB0CF3C61BF67576382DAFFCD2E01A9504FA0342F80A21">>},
 {<<"doteki">>, <<"B0E1EB99890FD5DEBA656FF0E2BFA1C7A7879A700FBB27E89E119FC0DBF533FD">>}]}
].
